
Microsoft Visual Studio Solution File, Format Version 12.00
# Visual Studio 14
VisualStudioVersion = 14.0.25420.1
MinimumVisualStudioVersion = 10.0.40219.1
Project("{FAE04EC0-301F-11D3-BF4B-00C04F79EFBC}") = "Dashboard.Api", "Dashboard.Api\Dashboard.Api.csproj", "{38153598-8A53-4D74-8D61-85FF0B338DEF}"
EndProject
Project("{E24C65DC-7377-472B-9ABA-BC803B73C61A}") = "Dashboard.Web", "Dashboard.Web\", "{C6C4853F-EB5D-48B3-AC1D-2A5104624CE1}"
	ProjectSection(WebsiteProperties) = preProject
		TargetFrameworkMoniker = ".NETFramework,Version%3Dv4.0"
		Debug.AspNetCompiler.VirtualPath = "/localhost_52472"
		Debug.AspNetCompiler.PhysicalPath = "Dashboard.Web\"
		Debug.AspNetCompiler.TargetPath = "PrecompiledWeb\localhost_52472\"
		Debug.AspNetCompiler.Updateable = "true"
		Debug.AspNetCompiler.ForceOverwrite = "true"
		Debug.AspNetCompiler.FixedNames = "false"
		Debug.AspNetCompiler.Debug = "True"
		Release.AspNetCompiler.VirtualPath = "/localhost_52472"
		Release.AspNetCompiler.PhysicalPath = "Dashboard.Web\"
		Release.AspNetCompiler.TargetPath = "PrecompiledWeb\localhost_52472\"
		Release.AspNetCompiler.Updateable = "true"
		Release.AspNetCompiler.ForceOverwrite = "true"
		Release.AspNetCompiler.FixedNames = "false"
		Release.AspNetCompiler.Debug = "False"
		VWDPort = "52472"
		SlnRelativePath = "Dashboard.Web\"
	EndProjectSection
EndProject
Global
	GlobalSection(SolutionConfigurationPlatforms) = preSolution
		Debug|Any CPU = Debug|Any CPU
		Release|Any CPU = Release|Any CPU
	EndGlobalSection
	GlobalSection(ProjectConfigurationPlatforms) = postSolution
		{38153598-8A53-4D74-8D61-85FF0B338DEF}.Debug|Any CPU.ActiveCfg = Debug|Any CPU
		{38153598-8A53-4D74-8D61-85FF0B338DEF}.Debug|Any CPU.Build.0 = Debug|Any CPU
		{38153598-8A53-4D74-8D61-85FF0B338DEF}.Release|Any CPU.ActiveCfg = Release|Any CPU
		{38153598-8A53-4D74-8D61-85FF0B338DEF}.Release|Any CPU.Build.0 = Release|Any CPU
		{C6C4853F-EB5D-48B3-AC1D-2A5104624CE1}.Debug|Any CPU.ActiveCfg = Debug|Any CPU
		{C6C4853F-EB5D-48B3-AC1D-2A5104624CE1}.Debug|Any CPU.Build.0 = Debug|Any CPU
		{C6C4853F-EB5D-48B3-AC1D-2A5104624CE1}.Release|Any CPU.ActiveCfg = Debug|Any CPU
		{C6C4853F-EB5D-48B3-AC1D-2A5104624CE1}.Release|Any CPU.Build.0 = Debug|Any CPU
	EndGlobalSection
	GlobalSection(SolutionProperties) = preSolution
		HideSolutionNode = FALSE
	EndGlobalSection
EndGlobal
